github.com/traefik/yaegi v0.9.1 h1:guHw/ssSWBkZFrSFHdMh96glsF6DnvtR8GdlQqdH2uU=
github.com/traefik/yaegi v0.9.1/go.mod h1:FAYnRlZyuVlEkvnkHq3bvJ1lW5be6XuwgLdkYgYG6Lk=
github.com/xyproto/unzip v0.0.0-20150601123358-823950573952 h1:pCgYs8AOzRpEmdM55hrSnd+TZOr+1/m9Y9KkFIZPwiU=
github.com/xyproto/unzip v0.0.0-20150601123358-823950573952/go.mod h1:ygEdojOpwX5uG71ECHji5sod2rpZ+9hqNeAZD50S84Q=
gopkg.in/check.v1 v0.0.0-20161208181325-20d25e280405 h1:yhCVgyC4o1eVCa2tZl7eS0r+SDo693bJlVdllGtEeKM=
gopkg.in/check.v1 v0.0.0-20161208181325-20d25e280405/go.mod h1:Co6ibVJAznAaIkqp8huTwlJQCZ016jof/cbN4VW5Yz0=
gopkg.in/yaml.v2 v2.3.0 h1:clyUAQHOM3G0M3f5vQj7LuJrETvjVot3Z5el9nffUtU=
gopkg.in/yaml.v2 v2.3.0/go.mod h1:hI93XBmqTisBFMUTm0b8Fm+jr3Dg1NNxqwp+5A1VGuI=
